
Microsoft Visual Studio Solution File, Format Version 12.00
# Visual Studio Version 17
VisualStudioVersion = 17.13.35818.85 d17.13
MinimumVisualStudioVersion = 10.0.40219.1
Project("{FAE04EC0-301F-11D3-BF4B-00C04F79EFBC}") = "academia_corpoativo", "academia_corpoativo.csproj", "{EC9CD25C-C3EB-4A9D-AD0D-149E5C559B00}"
EndProject
Global
	GlobalSection(SolutionConfigurationPlatforms) = preSolution
		Debug|Any CPU = Debug|Any CPU
		Release|Any CPU = Release|Any CPU
	EndGlobalSection
	GlobalSection(ProjectConfigurationPlatforms) = postSolution
		{EC9CD25C-C3EB-4A9D-AD0D-149E5C559B00}.Debug|Any CPU.ActiveCfg = Debug|Any CPU
		{EC9CD25C-C3EB-4A9D-AD0D-149E5C559B00}.Debug|Any CPU.Build.0 = Debug|Any CPU
		{EC9CD25C-C3EB-4A9D-AD0D-149E5C559B00}.Release|Any CPU.ActiveCfg = Release|Any CPU
		{EC9CD25C-C3EB-4A9D-AD0D-149E5C559B00}.Release|Any CPU.Build.0 = Release|Any CPU
	EndGlobalSection
	GlobalSection(SolutionProperties) = preSolution
		HideSolutionNode = FALSE
	EndGlobalSection
	GlobalSection(ExtensibilityGlobals) = postSolution
		SolutionGuid = {20F14E8F-FC61-4465-B8E4-9CA6FAB184B6}
	EndGlobalSection
EndGlobal
